
Microsoft Visual Studio Solution File, Format Version 12.00
# Visual Studio Version 16
VisualStudioVersion = 16.0.31624.102
MinimumVisualStudioVersion = 10.0.40219.1
Project("{FAE04EC0-301F-11D3-BF4B-00C04F79EFBC}") = "OnCourse", "OnCourse\OnCourse.csproj", "{D9C05804-AD7E-475B-8642-B89279FFCF53}"
EndProject
Global
	GlobalSection(SolutionConfigurationPlatforms) = preSolution
		Debug|Any CPU = Debug|Any CPU
		Release|Any CPU = Release|Any CPU
	EndGlobalSection
	GlobalSection(ProjectConfigurationPlatforms) = postSolution
		{D9C05804-AD7E-475B-8642-B89279FFCF53}.Debug|Any CPU.ActiveCfg = Debug|Any CPU
		{D9C05804-AD7E-475B-8642-B89279FFCF53}.Debug|Any CPU.Build.0 = Debug|Any CPU
		{D9C05804-AD7E-475B-8642-B89279FFCF53}.Release|Any CPU.ActiveCfg = Release|Any CPU
		{D9C05804-AD7E-475B-8642-B89279FFCF53}.Release|Any CPU.Build.0 = Release|Any CPU
	EndGlobalSection
	GlobalSection(SolutionProperties) = preSolution
		HideSolutionNode = FALSE
	EndGlobalSection
	GlobalSection(ExtensibilityGlobals) = postSolution
		SolutionGuid = {29B9ABD2-564A-4130-AE6C-A05FD0D63167}
	EndGlobalSection
EndGlobal
